// !$*UTF8*$!
{
	archiveVersion = 1;
	classes = {
	};
	objectVersion = 50;
	objects = {

/* Begin PBXBuildFile section */
		4D78FAB1251997F600C4B8F8 /* AppDelegate.swift in Sources */ = {isa = PBXBuildFile; fileRef = 4D78FAB0251997F600C4B8F8 /* AppDelegate.swift */; };
		4D78FAB3251997F600C4B8F8 /* SceneDelegate.swift in Sources */ = {isa = PBXBuildFile; fileRef = 4D78FAB2251997F600C4B8F8 /* SceneDelegate.swift */; };
		4D78FAB5251997F600C4B8F8 /* ViewController.swift in Sources */ = {isa = PBXBuildFile; fileRef = 4D78FAB4251997F600C4B8F8 /* ViewController.swift */; };
		4D78FAB8251997F600C4B8F8 /* Main.storyboard in Resources */ = {isa = PBXBuildFile; fileRef = 4D78FAB6251997F600C4B8F8 /* Main.storyboard */; };
		4D78FABA251997F600C4B8F8 /* Assets.xcassets in Resources */ = {isa = PBXBuildFile; fileRef = 4D78FAB9251997F600C4B8F8 /* Assets.xcassets */; };
		4D78FABD251997F600C4B8F8 /* LaunchScreen.storyboard in Resources */ = {isa = PBXBuildFile; fileRef = 4D78FABB251997F600C4B8F8 /* LaunchScreen.storyboard */; };
		4D78FAC8251997F600C4B8F8 /* BunRiCameraTests.swift in Sources */ = {isa = PBXBuildFile; fileRef = 4D78FAC7251997F600C4B8F8 /* BunRiCameraTests.swift */; };
		4D78FAD3251997F600C4B8F8 /* BunRiCameraUITests.swift in Sources */ = {isa = PBXBuildFile; fileRef = 4D78FAD2251997F600C4B8F8 /* BunRiCameraUITests.swift */; };
		4D78FAE22519989D00C4B8F8 /* BunRiClassifier.mlmodel in Sources */ = {isa = PBXBuildFile; fileRef = 4D78FAE12519989D00C4B8F8 /* BunRiClassifier.mlmodel */; };
/* End PBXBuildFile section */

/* Begin PBXContainerItemProxy section */
		4D78FAC4251997F600C4B8F8 /* PBXContainerItemProxy */ = {
			isa = PBXContainerItemProxy;
			containerPortal = 4D78FAA5251997F600C4B8F8 /* Project object */;
			proxyType = 1;
			remoteGlobalIDString = 4D78FAAC251997F600C4B8F8;
			remoteInfo = BunRiCamera;
		};
		4D78FACF251997F600C4B8F8 /* PBXContainerItemProxy */ = {
			isa = PBXContainerItemProxy;
			containerPortal = 4D78FAA5251997F600C4B8F8 /* Project object */;
			proxyType = 1;
			remoteGlobalIDString = 4D78FAAC251997F600C4B8F8;
			remoteInfo = BunRiCamera;
		};
/* End PBXContainerItemProxy section */

/* Begin PBXFileReference section */
		4D78FAAD251997F600C4B8F8 /* BunRiCamera.app */ = {isa = PBXFileReference; explicitFileType = wrapper.application; includeInIndex = 0; path = BunRiCamera.app; sourceTree = BUILT_PRODUCTS_DIR; };
		4D78FAB0251997F600C4B8F8 /* AppDelegate.swift */ = {isa = PBXFileReference; lastKnownFileType = sourcecode.swift; path = AppDelegate.swift; sourceTree = "<group>"; };
		4D78FAB2251997F600C4B8F8 /* SceneDelegate.swift */ = {isa = PBXFileReference; lastKnownFileType = sourcecode.swift; path = SceneDelegate.swift; sourceTree = "<group>"; };
		4D78FAB4251997F600C4B8F8 /* ViewController.swift */ = {isa = PBXFileReference; lastKnownFileType = sourcecode.swift; path = ViewController.swift; sourceTree = "<group>"; };
		4D78FAB7251997F600C4B8F8 /* Base */ = {isa = PBXFileReference; lastKnownFileType = file.storyboard; name = Base; path = Base.lproj/Main.storyboard; sourceTree = "<group>"; };
		4D78FAB9251997F600C4B8F8 /* Assets.xcassets */ = {isa = PBXFileReference; lastKnownFileType = folder.assetcatalog; path = Assets.xcassets; sourceTree = "<group>"; };
		4D78FABC251997F600C4B8F8 /* Base */ = {isa = PBXFileReference; lastKnownFileType = file.storyboard; name = Base; path = Base.lproj/LaunchScreen.storyboard; sourceTree = "<group>"; };
		4D78FABE251997F600C4B8F8 /* Info.plist */ = {isa = PBXFileReference; lastKnownFileType = text.plist.xml; path = Info.plist; sourceTree = "<group>"; };
		4D78FAC3251997F600C4B8F8 /* BunRiCameraTests.xctest */ = {isa = PBXFileReference; explicitFileType = wrapper.cfbundle; includeInIndex = 0; path = BunRiCameraTests.xctest; sourceTree = BUILT_PRODUCTS_DIR; };
		4D78FAC7251997F600C4B8F8 /* BunRiCameraTests.swift */ = {isa = PBXFileReference; lastKnownFileType = sourcecode.swift; path = BunRiCameraTests.swift; sourceTree = "<group>"; };
		4D78FAC9251997F600C4B8F8 /* Info.plist */ = {isa = PBXFileReference; lastKnownFileType = text.plist.xml; path = Info.plist; sourceTree = "<group>"; };
		4D78FACE251997F600C4B8F8 /* BunRiCameraUITests.xctest */ = {isa = PBXFileReference; explicitFileType = wrapper.cfbundle; includeInIndex = 0; path = BunRiCameraUITests.xctest; sourceTree = BUILT_PRODUCTS_DIR; };
		4D78FAD2251997F600C4B8F8 /* BunRiCameraUITests.swift */ = {isa = PBXFileReference; lastKnownFileType = sourcecode.swift; path = BunRiCameraUITests.swift; sourceTree = "<group>"; };
		4D78FAD4251997F600C4B8F8 /* Info.plist */ = {isa = PBXFileReference; lastKnownFileType = text.plist.xml; path = Info.plist; sourceTree = "<group>"; };
		4D78FAE12519989D00C4B8F8 /* BunRiClassifier.mlmodel */ = {isa = PBXFileReference; lastKnownFileType = file.mlmodel; path = BunRiClassifier.mlmodel; sourceTree = "<group>"; };
/* End PBXFileReference section */

/* Begin PBXFrameworksBuildPhase section */
		4D78FAAA251997F600C4B8F8 /* Frameworks */ = {
			isa = PBXFrameworksBuildPhase;
			buildActionMask = 2147483647;
			files = (
			);
			runOnlyForDeploymentPostprocessing = 0;
		};
		4D78FAC0251997F600C4B8F8 /* Frameworks */ = {
			isa = PBXFrameworksBuildPhase;
			buildActionMask = 2147483647;
			files = (
			);
			runOnlyForDeploymentPostprocessing = 0;
		};
		4D78FACB251997F600C4B8F8 /* Frameworks */ = {
			isa = PBXFrameworksBuildPhase;
			buildActionMask = 2147483647;
			files = (
			);
			runOnlyForDeploymentPostprocessing = 0;
		};
/* End PBXFrameworksBuildPhase section */

/* Begin PBXGroup section */
		4D78FAA4251997F600C4B8F8 = {
			isa = PBXGroup;
			children = (
				4D78FAAF251997F600C4B8F8 /* BunRiCamera */,
				4D78FAC6251997F600C4B8F8 /* BunRiCameraTests */,
				4D78FAD1251997F600C4B8F8 /* BunRiCameraUITests */,
				4D78FAAE251997F600C4B8F8 /* Products */,
			);
			sourceTree = "<group>";
		};
		4D78FAAE251997F600C4B8F8 /* Products */ = {
			isa = PBXGroup;
			children = (
				4D78FAAD251997F600C4B8F8 /* BunRiCamera.app */,
				4D78FAC3251997F600C4B8F8 /* BunRiCameraTests.xctest */,
				4D78FACE251997F600C4B8F8 /* BunRiCameraUITests.xctest */,
			);
			name = Products;
			sourceTree = "<group>";
		};
		4D78FAAF251997F600C4B8F8 /* BunRiCamera */ = {
			isa = PBXGroup;
			children = (
				4D78FAE02519988A00C4B8F8 /* Models */,
				4D78FAB0251997F600C4B8F8 /* AppDelegate.swift */,
				4D78FAB2251997F600C4B8F8 /* SceneDelegate.swift */,
				4D78FAB4251997F600C4B8F8 /* ViewController.swift */,
				4D78FAB6251997F600C4B8F8 /* Main.storyboard */,
				4D78FAB9251997F600C4B8F8 /* Assets.xcassets */,
				4D78FABB251997F600C4B8F8 /* LaunchScreen.storyboard */,
				4D78FABE251997F600C4B8F8 /* Info.plist */,
			);
			path = BunRiCamera;
			sourceTree = "<group>";
		};
		4D78FAC6251997F600C4B8F8 /* BunRiCameraTests */ = {
			isa = PBXGroup;
			children = (
				4D78FAC7251997F600C4B8F8 /* BunRiCameraTests.swift */,
				4D78FAC9251997F600C4B8F8 /* Info.plist */,
			);
			path = BunRiCameraTests;
			sourceTree = "<group>";
		};
		4D78FAD1251997F600C4B8F8 /* BunRiCameraUITests */ = {
			isa = PBXGroup;
			children = (
				4D78FAD2251997F600C4B8F8 /* BunRiCameraUITests.swift */,
				4D78FAD4251997F600C4B8F8 /* Info.plist */,
			);
			path = BunRiCameraUITests;
			sourceTree = "<group>";
		};
		4D78FAE02519988A00C4B8F8 /* Models */ = {
			isa = PBXGroup;
			children = (
				4D78FAE12519989D00C4B8F8 /* BunRiClassifier.mlmodel */,
			);
			path = Models;
			sourceTree = "<group>";
		};
/* End PBXGroup section */

/* Begin PBXNativeTarget section */
		4D78FAAC251997F600C4B8F8 /* BunRiCamera */ = {
			isa = PBXNativeTarget;
			buildConfigurationList = 4D78FAD7251997F600C4B8F8 /* Build configuration list for PBXNativeTarget "BunRiCamera" */;
			buildPhases = (
				4D78FAA9251997F600C4B8F8 /* Sources */,
				4D78FAAA251997F600C4B8F8 /* Frameworks */,
				4D78FAAB251997F600C4B8F8 /* Resources */,
			);
			buildRules = (
			);
			dependencies = (
			);
			name = BunRiCamera;
			productName = BunRiCamera;
			productReference = 4D78FAAD251997F600C4B8F8 /* BunRiCamera.app */;
			productType = "com.apple.product-type.application";
		};
		4D78FAC2251997F600C4B8F8 /* BunRiCameraTests */ = {
			isa = PBXNativeTarget;
			buildConfigurationList = 4D78FADA251997F600C4B8F8 /* Build configuration list for PBXNativeTarget "BunRiCameraTests" */;
			buildPhases = (
				4D78FABF251997F600C4B8F8 /* Sources */,
				4D78FAC0251997F600C4B8F8 /* Frameworks */,
				4D78FAC1251997F600C4B8F8 /* Resources */,
			);
			buildRules = (
			);
			dependencies = (
				4D78FAC5251997F600C4B8F8 /* PBXTargetDependency */,
			);
			name = BunRiCameraTests;
			productName = BunRiCameraTests;
			productReference = 4D78FAC3251997F600C4B8F8 /* BunRiCameraTests.xctest */;
			productType = "com.apple.product-type.bundle.unit-test";
		};
		4D78FACD251997F600C4B8F8 /* BunRiCameraUITests */ = {
			isa = PBXNativeTarget;
			buildConfigurationList = 4D78FADD251997F600C4B8F8 /* Build configuration list for PBXNativeTarget "BunRiCameraUITests" */;
			buildPhases = (
				4D78FACA251997F600C4B8F8 /* Sources */,
				4D78FACB251997F600C4B8F8 /* Frameworks */,
				4D78FACC251997F600C4B8F8 /* Resources */,
			);
			buildRules = (
			);
			dependencies = (
				4D78FAD0251997F600C4B8F8 /* PBXTargetDependency */,
			);
			name = BunRiCameraUITests;
			productName = BunRiCameraUITests;
			productReference = 4D78FACE251997F600C4B8F8 /* BunRiCameraUITests.xctest */;
			productType = "com.apple.product-type.bundle.ui-testing";
		};
/* End PBXNativeTarget section */

/* Begin PBXProject section */
		4D78FAA5251997F600C4B8F8 /* Project object */ = {
			isa = PBXProject;
			attributes = {
				LastSwiftUpdateCheck = 1130;
				LastUpgradeCheck = 1130;
				ORGANIZATIONNAME = "大山 貴史";
				TargetAttributes = {
					4D78FAAC251997F600C4B8F8 = {
						CreatedOnToolsVersion = 11.3.1;
					};
					4D78FAC2251997F600C4B8F8 = {
						CreatedOnToolsVersion = 11.3.1;
						TestTargetID = 4D78FAAC251997F600C4B8F8;
					};
					4D78FACD251997F600C4B8F8 = {
						CreatedOnToolsVersion = 11.3.1;
						TestTargetID = 4D78FAAC251997F600C4B8F8;
					};
				};
			};
			buildConfigurationList = 4D78FAA8251997F600C4B8F8 /* Build configuration list for PBXProject "BunRiCamera" */;
			compatibilityVersion = "Xcode 9.3";
			developmentRegion = en;
			hasScannedForEncodings = 0;
			knownRegions = (
				en,
				Base,
			);
			mainGroup = 4D78FAA4251997F600C4B8F8;
			productRefGroup = 4D78FAAE251997F600C4B8F8 /* Products */;
			projectDirPath = "";
			projectRoot = "";
			targets = (
				4D78FAAC251997F600C4B8F8 /* BunRiCamera */,
				4D78FAC2251997F600C4B8F8 /* BunRiCameraTests */,
				4D78FACD251997F600C4B8F8 /* BunRiCameraUITests */,
			);
		};
/* End PBXProject section */

/* Begin PBXResourcesBuildPhase section */
		4D78FAAB251997F600C4B8F8 /* Resources */ = {
			isa = PBXResourcesBuildPhase;
			buildActionMask = 2147483647;
			files = (
				4D78FABD251997F600C4B8F8 /* LaunchScreen.storyboard in Resources */,
				4D78FABA251997F600C4B8F8 /* Assets.xcassets in Resources */,
				4D78FAB8251997F600C4B8F8 /* Main.storyboard in Resources */,
			);
			runOnlyForDeploymentPostprocessing = 0;
		};
		4D78FAC1251997F600C4B8F8 /* Resources */ = {
			isa = PBXResourcesBuildPhase;
			buildActionMask = 2147483647;
			files = (
			);
			runOnlyForDeploymentPostprocessing = 0;
		};
		4D78FACC251997F600C4B8F8 /* Resources */ = {
			isa = PBXResourcesBuildPhase;
			buildActionMask = 2147483647;
			files = (
			);
			runOnlyForDeploymentPostprocessing = 0;
		};
/* End PBXResourcesBuildPhase section */

/* Begin PBXSourcesBuildPhase section */
		4D78FAA9251997F600C4B8F8 /* Sources */ = {
			isa = PBXSourcesBuildPhase;
			buildActionMask = 2147483647;
			files = (
				4D78FAE22519989D00C4B8F8 /* BunRiClassifier.mlmodel in Sources */,
				4D78FAB5251997F600C4B8F8 /* ViewController.swift in Sources */,
				4D78FAB1251997F600C4B8F8 /* AppDelegate.swift in Sources */,
				4D78FAB3251997F600C4B8F8 /* SceneDelegate.swift in Sources */,
			);
			runOnlyForDeploymentPostprocessing = 0;
		};
		4D78FABF251997F600C4B8F8 /* Sources */ = {
			isa = PBXSourcesBuildPhase;
			buildActionMask = 2147483647;
			files = (
				4D78FAC8251997F600C4B8F8 /* BunRiCameraTests.swift in Sources */,
			);
			runOnlyForDeploymentPostprocessing = 0;
		};
		4D78FACA251997F600C4B8F8 /* Sources */ = {
			isa = PBXSourcesBuildPhase;
			buildActionMask = 2147483647;
			files = (
				4D78FAD3251997F600C4B8F8 /* BunRiCameraUITests.swift in Sources */,
			);
			runOnlyForDeploymentPostprocessing = 0;
		};
/* End PBXSourcesBuildPhase section */

/* Begin PBXTargetDependency section */
		4D78FAC5251997F600C4B8F8 /* PBXTargetDependency */ = {
			isa = PBXTargetDependency;
			target = 4D78FAAC251997F600C4B8F8 /* BunRiCamera */;
			targetProxy = 4D78FAC4251997F600C4B8F8 /* PBXContainerItemProxy */;
		};
		4D78FAD0251997F600C4B8F8 /* PBXTargetDependency */ = {
			isa = PBXTargetDependency;
			target = 4D78FAAC251997F600C4B8F8 /* BunRiCamera */;
			targetProxy = 4D78FACF251997F600C4B8F8 /* PBXContainerItemProxy */;
		};
/* End PBXTargetDependency section */

/* Begin PBXVariantGroup section */
		4D78FAB6251997F600C4B8F8 /* Main.storyboard */ = {
			isa = PBXVariantGroup;
			children = (
				4D78FAB7251997F600C4B8F8 /* Base */,
			);
			name = Main.storyboard;
			sourceTree = "<group>";
		};
		4D78FABB251997F600C4B8F8 /* LaunchScreen.storyboard */ = {
			isa = PBXVariantGroup;
			children = (
				4D78FABC251997F600C4B8F8 /* Base */,
			);
			name = LaunchScreen.storyboard;
			sourceTree = "<group>";
		};
/* End PBXVariantGroup section */

/* Begin XCBuildConfiguration section */
		4D78FAD5251997F600C4B8F8 /* Debug */ = {
			isa = XCBuildConfiguration;
			buildSettings = {
				ALWAYS_SEARCH_USER_PATHS = NO;
				CLANG_ANALYZER_NONNULL = YES;
				CLANG_ANALYZER_NUMBER_OBJECT_CONVERSION = YES_AGGRESSIVE;
				CLANG_CXX_LANGUAGE_STANDARD = "gnu++14";
				CLANG_CXX_LIBRARY = "libc++";
				CLANG_ENABLE_MODULES = YES;
				CLANG_ENABLE_OBJC_ARC = YES;
				CLANG_ENABLE_OBJC_WEAK = YES;
				CLANG_WARN_BLOCK_CAPTURE_AUTORELEASING = YES;
				CLANG_WARN_BOOL_CONVERSION = YES;
				CLANG_WARN_COMMA = YES;
				CLANG_WARN_CONSTANT_CONVERSION = YES;
				CLANG_WARN_DEPRECATED_OBJC_IMPLEMENTATIONS = YES;
				CLANG_WARN_DIRECT_OBJC_ISA_USAGE = YES_ERROR;
				CLANG_WARN_DOCUMENTATION_COMMENTS = YES;
				CLANG_WARN_EMPTY_BODY = YES;
				CLANG_WARN_ENUM_CONVERSION = YES;
				CLANG_WARN_INFINITE_RECURSION = YES;
				CLANG_WARN_INT_CONVERSION = YES;
				CLANG_WARN_NON_LITERAL_NULL_CONVERSION = YES;
				CLANG_WARN_OBJC_IMPLICIT_RETAIN_SELF = YES;
				CLANG_WARN_OBJC_LITERAL_CONVERSION = YES;
				CLANG_WARN_OBJC_ROOT_CLASS = YES_ERROR;
				CLANG_WARN_RANGE_LOOP_ANALYSIS = YES;
				CLANG_WARN_STRICT_PROTOTYPES = YES;
				CLANG_WARN_SUSPICIOUS_MOVE = YES;
				CLANG_WARN_UNGUARDED_AVAILABILITY = YES_AGGRESSIVE;
				CLANG_WARN_UNREACHABLE_CODE = YES;
				CLANG_WARN__DUPLICATE_METHOD_MATCH = YES;
				COPY_PHASE_STRIP = NO;
				DEBUG_INFORMATION_FORMAT = dwarf;
				ENABLE_STRICT_OBJC_MSGSEND = YES;
				ENABLE_TESTABILITY = YES;
				GCC_C_LANGUAGE_STANDARD = gnu11;
				GCC_DYNAMIC_NO_PIC = NO;
				GCC_NO_COMMON_BLOCKS = YES;
				GCC_OPTIMIZATION_LEVEL = 0;
				GCC_PREPROCESSOR_DEFINITIONS = (
					"DEBUG=1",
					"$(inherited)",
				);
				GCC_WARN_64_TO_32_BIT_CONVERSION = YES;
				GCC_WARN_ABOUT_RETURN_TYPE = YES_ERROR;
				GCC_WARN_UNDECLARED_SELECTOR = YES;
				GCC_WARN_UNINITIALIZED_AUTOS = YES_AGGRESSIVE;
				GCC_WARN_UNUSED_FUNCTION = YES;
				GCC_WARN_UNUSED_VARIABLE = YES;
				IPHONEOS_DEPLOYMENT_TARGET = 13.2;
				MTL_ENABLE_DEBUG_INFO = INCLUDE_SOURCE;
				MTL_FAST_MATH = YES;
				ONLY_ACTIVE_ARCH = YES;
				SDKROOT = iphoneos;
				SWIFT_ACTIVE_COMPILATION_CONDITIONS = DEBUG;
				SWIFT_OPTIMIZATION_LEVEL = "-Onone";
			};
			name = Debug;
		};
		4D78FAD6251997F600C4B8F8 /* Release */ = {
			isa = XCBuildConfiguration;
			buildSettings = {
				ALWAYS_SEARCH_USER_PATHS = NO;
				CLANG_ANALYZER_NONNULL = YES;
				CLANG_ANALYZER_NUMBER_OBJECT_CONVERSION = YES_AGGRESSIVE;
				CLANG_CXX_LANGUAGE_STANDARD = "gnu++14";
				CLANG_CXX_LIBRARY = "libc++";
				CLANG_ENABLE_MODULES = YES;
				CLANG_ENABLE_OBJC_ARC = YES;
				CLANG_ENABLE_OBJC_WEAK = YES;
				CLANG_WARN_BLOCK_CAPTURE_AUTORELEASING = YES;
				CLANG_WARN_BOOL_CONVERSION = YES;
				CLANG_WARN_COMMA = YES;
				CLANG_WARN_CONSTANT_CONVERSION = YES;
				CLANG_WARN_DEPRECATED_OBJC_IMPLEMENTATIONS = YES;
				CLANG_WARN_DIRECT_OBJC_ISA_USAGE = YES_ERROR;
				CLANG_WARN_DOCUMENTATION_COMMENTS = YES;
				CLANG_WARN_EMPTY_BODY = YES;
				CLANG_WARN_ENUM_CONVERSION = YES;
				CLANG_WARN_INFINITE_RECURSION = YES;
				CLANG_WARN_INT_CONVERSION = YES;
				CLANG_WARN_NON_LITERAL_NULL_CONVERSION = YES;
				CLANG_WARN_OBJC_IMPLICIT_RETAIN_SELF = YES;
				CLANG_WARN_OBJC_LITERAL_CONVERSION = YES;
				CLANG_WARN_OBJC_ROOT_CLASS = YES_ERROR;
				CLANG_WARN_RANGE_LOOP_ANALYSIS = YES;
				CLANG_WARN_STRICT_PROTOTYPES = YES;
				CLANG_WARN_SUSPICIOUS_MOVE = YES;
				CLANG_WARN_UNGUARDED_AVAILABILITY = YES_AGGRESSIVE;
				CLANG_WARN_UNREACHABLE_CODE = YES;
				CLANG_WARN__DUPLICATE_METHOD_MATCH = YES;
				COPY_PHASE_STRIP = NO;
				DEBUG_INFORMATION_FORMAT = "dwarf-with-dsym";
				ENABLE_NS_ASSERTIONS = NO;
				ENABLE_STRICT_OBJC_MSGSEND = YES;
				GCC_C_LANGUAGE_STANDARD = gnu11;
				GCC_NO_COMMON_BLOCKS = YES;
				GCC_WARN_64_TO_32_BIT_CONVERSION = YES;
				GCC_WARN_ABOUT_RETURN_TYPE = YES_ERROR;
				GCC_WARN_UNDECLARED_SELECTOR = YES;
				GCC_WARN_UNINITIALIZED_AUTOS = YES_AGGRESSIVE;
				GCC_WARN_UNUSED_FUNCTION = YES;
				GCC_WARN_UNUSED_VARIABLE = YES;
				IPHONEOS_DEPLOYMENT_TARGET = 13.2;
				MTL_ENABLE_DEBUG_INFO = NO;
				MTL_FAST_MATH = YES;
				SDKROOT = iphoneos;
				SWIFT_COMPILATION_MODE = wholemodule;
				SWIFT_OPTIMIZATION_LEVEL = "-O";
				VALIDATE_PRODUCT = YES;
			};
			name = Release;
		};
		4D78FAD8251997F600C4B8F8 /* Debug */ = {
			isa = XCBuildConfiguration;
			buildSettings = {
				ASSETCATALOG_COMPILER_APPICON_NAME = AppIcon;
				CODE_SIGN_STYLE = Automatic;
				DEVELOPMENT_TEAM = R8R26XE5GB;
				INFOPLIST_FILE = BunRiCamera/Info.plist;
				IPHONEOS_DEPLOYMENT_TARGET = 13.0;
				LD_RUNPATH_SEARCH_PATHS = (
					"$(inherited)",
					"@executable_path/Frameworks",
				);
				PRODUCT_BUNDLE_IDENTIFIER = jp.co.takafm.BunRiCamera;
				PRODUCT_NAME = "$(TARGET_NAME)";
				SWIFT_VERSION = 5.0;
				TARGETED_DEVICE_FAMILY = "1,2";
			};
			name = Debug;
		};
		4D78FAD9251997F600C4B8F8 /* Release */ = {
			isa = XCBuildConfiguration;
			buildSettings = {
				ASSETCATALOG_COMPILER_APPICON_NAME = AppIcon;
				CODE_SIGN_STYLE = Automatic;
				DEVELOPMENT_TEAM = R8R26XE5GB;
				INFOPLIST_FILE = BunRiCamera/Info.plist;
				IPHONEOS_DEPLOYMENT_TARGET = 13.0;
				LD_RUNPATH_SEARCH_PATHS = (
					"$(inherited)",
					"@executable_path/Frameworks",
				);
				PRODUCT_BUNDLE_IDENTIFIER = jp.co.takafm.BunRiCamera;
				PRODUCT_NAME = "$(TARGET_NAME)";
				SWIFT_VERSION = 5.0;
				TARGETED_DEVICE_FAMILY = "1,2";
			};
			name = Release;
		};
		4D78FADB251997F600C4B8F8 /* Debug */ = {
			isa = XCBuildConfiguration;
			buildSettings = {
				ALWAYS_EMBED_SWIFT_STANDARD_LIBRARIES = YES;
				BUNDLE_LOADER = "$(TEST_HOST)";
				CODE_SIGN_STYLE = Automatic;
				DEVELOPMENT_TEAM = R8R26XE5GB;
				INFOPLIST_FILE = BunRiCameraTests/Info.plist;
				IPHONEOS_DEPLOYMENT_TARGET = 13.2;
				LD_RUNPATH_SEARCH_PATHS = (
					"$(inherited)",
					"@executable_path/Frameworks",
					"@loader_path/Frameworks",
				);
				PRODUCT_BUNDLE_IDENTIFIER = jp.co.takafm.BunRiCameraTests;
				PRODUCT_NAME = "$(TARGET_NAME)";
				SWIFT_VERSION = 5.0;
				TARGETED_DEVICE_FAMILY = "1,2";
				TEST_HOST = "$(BUILT_PRODUCTS_DIR)/BunRiCamera.app/BunRiCamera";
			};
			name = Debug;
		};
		4D78FADC251997F600C4B8F8 /* Release */ = {
			isa = XCBuildConfiguration;
			buildSettings = {
				ALWAYS_EMBED_SWIFT_STANDARD_LIBRARIES = YES;
				BUNDLE_LOADER = "$(TEST_HOST)";
				CODE_SIGN_STYLE = Automatic;
				DEVELOPMENT_TEAM = R8R26XE5GB;
				INFOPLIST_FILE = BunRiCameraTests/Info.plist;
				IPHONEOS_DEPLOYMENT_TARGET = 13.2;
				LD_RUNPATH_SEARCH_PATHS = (
					"$(inherited)",
					"@executable_path/Frameworks",
					"@loader_path/Frameworks",
				);
				PRODUCT_BUNDLE_IDENTIFIER = jp.co.takafm.BunRiCameraTests;
				PRODUCT_NAME = "$(TARGET_NAME)";
				SWIFT_VERSION = 5.0;
				TARGETED_DEVICE_FAMILY = "1,2";
				TEST_HOST = "$(BUILT_PRODUCTS_DIR)/BunRiCamera.app/BunRiCamera";
			};
			name = Release;
		};
		4D78FADE251997F600C4B8F8 /* Debug */ = {
			isa = XCBuildConfiguration;
			buildSettings = {
				ALWAYS_EMBED_SWIFT_STANDARD_LIBRARIES = YES;
				CODE_SIGN_STYLE = Automatic;
				DEVELOPMENT_TEAM = R8R26XE5GB;
				INFOPLIST_FILE = BunRiCameraUITests/Info.plist;
				LD_RUNPATH_SEARCH_PATHS = (
					"$(inherited)",
					"@executable_path/Frameworks",
					"@loader_path/Frameworks",
				);
				PRODUCT_BUNDLE_IDENTIFIER = jp.co.takafm.BunRiCameraUITests;
				PRODUCT_NAME = "$(TARGET_NAME)";
				SWIFT_VERSION = 5.0;
				TARGETED_DEVICE_FAMILY = "1,2";
				TEST_TARGET_NAME = BunRiCamera;
			};
			name = Debug;
		};
		4D78FADF251997F600C4B8F8 /* Release */ = {
			isa = XCBuildConfiguration;
			buildSettings = {
				ALWAYS_EMBED_SWIFT_STANDARD_LIBRARIES = YES;
				CODE_SIGN_STYLE = Automatic;
				DEVELOPMENT_TEAM = R8R26XE5GB;
				INFOPLIST_FILE = BunRiCameraUITests/Info.plist;
				LD_RUNPATH_SEARCH_PATHS = (
					"$(inherited)",
					"@executable_path/Frameworks",
					"@loader_path/Frameworks",
				);
				PRODUCT_BUNDLE_IDENTIFIER = jp.co.takafm.BunRiCameraUITests;
				PRODUCT_NAME = "$(TARGET_NAME)";
				SWIFT_VERSION = 5.0;
				TARGETED_DEVICE_FAMILY = "1,2";
				TEST_TARGET_NAME = BunRiCamera;
			};
			name = Release;
		};
/* End XCBuildConfiguration section */

/* Begin XCConfigurationList section */
		4D78FAA8251997F600C4B8F8 /* Build configuration list for PBXProject "BunRiCamera" */ = {
			isa = XCConfigurationList;
			buildConfigurations = (
				4D78FAD5251997F600C4B8F8 /* Debug */,
				4D78FAD6251997F600C4B8F8 /* Release */,
			);
			defaultConfigurationIsVisible = 0;
			defaultConfigurationName = Release;
		};
		4D78FAD7251997F600C4B8F8 /* Build configuration list for PBXNativeTarget "BunRiCamera" */ = {
			isa = XCConfigurationList;
			buildConfigurations = (
				4D78FAD8251997F600C4B8F8 /* Debug */,
				4D78FAD9251997F600C4B8F8 /* Release */,
			);
			defaultConfigurationIsVisible = 0;
			defaultConfigurationName = Release;
		};
		4D78FADA251997F600C4B8F8 /* Build configuration list for PBXNativeTarget "BunRiCameraTests" */ = {
			isa = XCConfigurationList;
			buildConfigurations = (
				4D78FADB251997F600C4B8F8 /* Debug */,
				4D78FADC251997F600C4B8F8 /* Release */,
			);
			defaultConfigurationIsVisible = 0;
			defaultConfigurationName = Release;
		};
		4D78FADD251997F600C4B8F8 /* Build configuration list for PBXNativeTarget "BunRiCameraUITests" */ = {
			isa = XCConfigurationList;
			buildConfigurations = (
				4D78FADE251997F600C4B8F8 /* Debug */,
				4D78FADF251997F600C4B8F8 /* Release */,
			);
			defaultConfigurationIsVisible = 0;
			defaultConfigurationName = Release;
		};
/* End XCConfigurationList section */
	};
	rootObject = 4D78FAA5251997F600C4B8F8 /* Project object */;
}
